
Microsoft Visual Studio Solution File, Format Version 12.00
# Visual Studio Version 17
VisualStudioVersion = 17.8.34330.188
MinimumVisualStudioVersion = 10.0.40219.1
Project("{FAE04EC0-301F-11D3-BF4B-00C04F79EFBC}") = "ConsoleApp1", "ConsoleApp1\ConsoleApp1.csproj", "{22429FC9-DE08-45F0-ACA7-E537A382F931}"
EndProject
Global
	GlobalSection(SolutionConfigurationPlatforms) = preSolution
		Debug|Any CPU = Debug|Any CPU
		Release|Any CPU = Release|Any CPU
	EndGlobalSection
	GlobalSection(ProjectConfigurationPlatforms) = postSolution
		{22429FC9-DE08-45F0-ACA7-E537A382F931}.Debug|Any CPU.ActiveCfg = Debug|Any CPU
		{22429FC9-DE08-45F0-ACA7-E537A382F931}.Debug|Any CPU.Build.0 = Debug|Any CPU
		{22429FC9-DE08-45F0-ACA7-E537A382F931}.Release|Any CPU.ActiveCfg = Release|Any CPU
		{22429FC9-DE08-45F0-ACA7-E537A382F931}.Release|Any CPU.Build.0 = Release|Any CPU
	EndGlobalSection
	GlobalSection(SolutionProperties) = preSolution
		HideSolutionNode = FALSE
	EndGlobalSection
	GlobalSection(ExtensibilityGlobals) = postSolution
		SolutionGuid = {7D4A2357-1AC4-4B13-8957-EDB63F7997A6}
	EndGlobalSection
EndGlobal
